<?xml version="1.0" encoding="utf-8"?>
<Project ToolsVersion="4.0" xmlns="http://schemas.microsoft.com/developer/msbuild/2003">
  <ItemGroup>
    <Filter Include="Feur">
      <UniqueIdentifier>{372F857C-2366-860D-CC52-6C10B868020F}</UniqueIdentifier>
    </Filter>
    <Filter Include="Feur\Core">
      <UniqueIdentifier>{EF6DDF3D-5BD8-93B4-A416-455A10C07109}</UniqueIdentifier>
    </Filter>
    <Filter Include="Feur\Core\Input">
      <UniqueIdentifier>{2E95A5C5-9A20-138A-A331-967E0F3C6F8A}</UniqueIdentifier>
    </Filter>
    <Filter Include="Feur\Core\Log">
      <UniqueIdentifier>{40E5CDDA-ACA5-4911-75E0-928EE15F8EED}</UniqueIdentifier>
    </Filter>
    <Filter Include="Feur\Core\Memory">
      <UniqueIdentifier>{77420883-633B-27D5-8C6D-0C5A78C506E1}</UniqueIdentifier>
    </Filter>
    <Filter Include="Feur\Core\Utils">
      <UniqueIdentifier>{8FE681C6-FB71-EF8A-0483-727F708D4B8B}</UniqueIdentifier>
    </Filter>
    <Filter Include="Feur\Core\Window">
      <UniqueIdentifier>{F697A49A-E290-C3EC-0BC3-A871F71AA3F8}</UniqueIdentifier>
    </Filter>
    <Filter Include="Feur\Debug">
      <UniqueIdentifier>{ED86D9F9-D93E-1B47-4246-F4A22E1DB637}</UniqueIdentifier>
    </Filter>
    <Filter Include="Feur\Event">
      <UniqueIdentifier>{C8FDF4F9-B4B5-3647-1DBD-0FA30994D137}</UniqueIdentifier>
    </Filter>
    <Filter Include="Feur\Nuklear">
      <UniqueIdentifier>{58D10DFE-4434-9DA2-EDB9-D558D9FB6825}</UniqueIdentifier>
    </Filter>
    <Filter Include="Feur\Renderer">
      <UniqueIdentifier>{BD809AA7-2941-16DE-F27B-5F5B5EFB5ABA}</UniqueIdentifier>
    </Filter>
    <Filter Include="Platform">
      <UniqueIdentifier>{2AC788B4-1694-E3BF-3FAD-D1672BD9184E}</UniqueIdentifier>
    </Filter>
    <Filter Include="Platform\Nuklear">
      <UniqueIdentifier>{4BACD781-37A5-F6D3-60D7-DB584C2FD6DF}</UniqueIdentifier>
    </Filter>
    <Filter Include="Platform\OpenGL">
      <UniqueIdentifier>{1E7D2C1D-8A08-9AE1-9319-1DD6FF23F6E1}</UniqueIdentifier>
    </Filter>
    <Filter Include="Platform\Vulkan">
      <UniqueIdentifier>{6AE1DE2D-D66C-4CF2-DF7D-CFE64B88A8F2}</UniqueIdentifier>
    </Filter>
    <Filter Include="Platform\Vulkan\Debug">
      <UniqueIdentifier>{60D30ADE-CC3F-C6D8-9533-5E36015FE840}</UniqueIdentifier>
    </Filter>
    <Filter Include="Platform\Vulkan\RenderPipeline">
      <UniqueIdentifier>{8F36CF7B-7B5C-99E2-64A2-1EAE5067BEAE}</UniqueIdentifier>
    </Filter>
    <Filter Include="Platform\Vulkan\Setup">
      <UniqueIdentifier>{8A8F1ADF-F6FB-D5D9-BFEF-6D372B1BF841}</UniqueIdentifier>
    </Filter>
    <Filter Include="Platform\Window">
      <UniqueIdentifier>{D1E05B2F-3D6C-C9F3-467D-4CE8B28725F4}</UniqueIdentifier>
    </Filter>
    <Filter Include="Platform\Window\GLFW">
      <UniqueIdentifier>{B0C6C86E-9C55-5238-4574-663331E262DE}</UniqueIdentifier>
    </Filter>
    <Filter Include="Platform\Window\SDL">
      <UniqueIdentifier>{43112D49-AF72-0A57-38E0-5009A4404116}</UniqueIdentifier>
    </Filter>
  </ItemGroup>
  <ItemGroup>
    <ClInclude Include="src\Feur.h" />
    <ClInclude Include="src\Feur\Core\Application.h">
      <Filter>Feur\Core</Filter>
    </ClInclude>
    <ClInclude Include="src\Feur\Core\Core.h">
      <Filter>Feur\Core</Filter>
    </ClInclude>
    <ClInclude Include="src\Feur\Core\EntryPoint.h">
      <Filter>Feur\Core</Filter>
    </ClInclude>
    <ClInclude Include="src\Feur\Core\Input\Input.h">
      <Filter>Feur\Core\Input</Filter>
    </ClInclude>
    <ClInclude Include="src\Feur\Core\Input\KeyCode.h">
      <Filter>Feur\Core\Input</Filter>
    </ClInclude>
    <ClInclude Include="src\Feur\Core\Layer.h">
      <Filter>Feur\Core</Filter>
    </ClInclude>
    <ClInclude Include="src\Feur\Core\LayerStack.h">
      <Filter>Feur\Core</Filter>
    </ClInclude>
    <ClInclude Include="src\Feur\Core\Log\Log.h">
      <Filter>Feur\Core\Log</Filter>
    </ClInclude>
    <ClInclude Include="src\Feur\Core\Memory\FreeListAllocator.h">
      <Filter>Feur\Core\Memory</Filter>
    </ClInclude>
    <ClInclude Include="src\Feur\Core\Memory\MemoryAllocator.h">
      <Filter>Feur\Core\Memory</Filter>
    </ClInclude>
    <ClInclude Include="src\Feur\Core\Memory\PoolAllocator.h">
      <Filter>Feur\Core\Memory</Filter>
    </ClInclude>
    <ClInclude Include="src\Feur\Core\Memory\StackAllocator.h">
      <Filter>Feur\Core\Memory</Filter>
    </ClInclude>
    <ClInclude Include="src\Feur\Core\Utils\FeString.h">
      <Filter>Feur\Core\Utils</Filter>
    </ClInclude>
    <ClInclude Include="src\Feur\Core\Utils\FeurSort.h">
      <Filter>Feur\Core\Utils</Filter>
    </ClInclude>
    <ClInclude Include="src\Feur\Core\Utils\FileSystem.h">
      <Filter>Feur\Core\Utils</Filter>
    </ClInclude>
    <ClInclude Include="src\Feur\Core\Utils\List.h">
      <Filter>Feur\Core\Utils</Filter>
    </ClInclude>
    <ClInclude Include="src\Feur\Core\Utils\Optional.h">
      <Filter>Feur\Core\Utils</Filter>
    </ClInclude>
    <ClInclude Include="src\Feur\Core\Window\Window.h">
      <Filter>Feur\Core\Window</Filter>
    </ClInclude>
    <ClInclude Include="src\Feur\Debug\Benchmark.h">
      <Filter>Feur\Debug</Filter>
    </ClInclude>
    <ClInclude Include="src\Feur\Event\Event.h">
      <Filter>Feur\Event</Filter>
    </ClInclude>
    <ClInclude Include="src\Feur\Nuklear\NuklearLayer.h">
      <Filter>Feur\Nuklear</Filter>
    </ClInclude>
    <ClInclude Include="src\Feur\Renderer\Buffers.h">
      <Filter>Feur\Renderer</Filter>
    </ClInclude>
    <ClInclude Include="src\Feur\Renderer\GraphicsContext.h">
      <Filter>Feur\Renderer</Filter>
    </ClInclude>
    <ClInclude Include="src\Feur\Renderer\RenderCommand.h">
      <Filter>Feur\Renderer</Filter>
    </ClInclude>
    <ClInclude Include="src\Feur\Renderer\Renderer.h">
      <Filter>Feur\Renderer</Filter>
    </ClInclude>
    <ClInclude Include="src\Feur\Renderer\Renderer2D.h">
      <Filter>Feur\Renderer</Filter>
    </ClInclude>
    <ClInclude Include="src\Feur\Renderer\RendererAPI.h">
      <Filter>Feur\Renderer</Filter>
    </ClInclude>
    <ClInclude Include="src\Platform\Nuklear\OpenGLNuklearLayer.h">
      <Filter>Platform\Nuklear</Filter>
    </ClInclude>
    <ClInclude Include="src\Platform\OpenGL\OpenGLBuffers.h">
      <Filter>Platform\OpenGL</Filter>
    </ClInclude>
    <ClInclude Include="src\Platform\OpenGL\OpenGLGraphicsContext.h">
      <Filter>Platform\OpenGL</Filter>
    </ClInclude>
    <ClInclude Include="src\Platform\OpenGL\OpenGLRendererAPI.h">
      <Filter>Platform\OpenGL</Filter>
    </ClInclude>
    <ClInclude Include="src\Platform\Vulkan\Debug\VulkanDebug.h">
      <Filter>Platform\Vulkan\Debug</Filter>
    </ClInclude>
    <ClInclude Include="src\Platform\Vulkan\Debug\VulkanValidationLayer.h">
      <Filter>Platform\Vulkan\Debug</Filter>
    </ClInclude>
    <ClInclude Include="src\Platform\Vulkan\RenderPipeline\VulkanRenderPipeline.h">
      <Filter>Platform\Vulkan\RenderPipeline</Filter>
    </ClInclude>
    <ClInclude Include="src\Platform\Vulkan\RenderPipeline\VulkanShader.h">
      <Filter>Platform\Vulkan\RenderPipeline</Filter>
    </ClInclude>
    <ClInclude Include="src\Platform\Vulkan\Setup\VulkanDevice.h">
      <Filter>Platform\Vulkan\Setup</Filter>
    </ClInclude>
    <ClInclude Include="src\Platform\Vulkan\Setup\VulkanImageView.h">
      <Filter>Platform\Vulkan\Setup</Filter>
    </ClInclude>
    <ClInclude Include="src\Platform\Vulkan\Setup\VulkanSetup.h">
      <Filter>Platform\Vulkan\Setup</Filter>
    </ClInclude>
    <ClInclude Include="src\Platform\Vulkan\Setup\VulkanSwapChain.h">
      <Filter>Platform\Vulkan\Setup</Filter>
    </ClInclude>
    <ClInclude Include="src\Platform\Vulkan\VulkanBuffers.h">
      <Filter>Platform\Vulkan</Filter>
    </ClInclude>
    <ClInclude Include="src\Platform\Vulkan\VulkanGraphicsContext.h">
      <Filter>Platform\Vulkan</Filter>
    </ClInclude>
    <ClInclude Include="src\Platform\Vulkan\VulkanRendererAPI.h">
      <Filter>Platform\Vulkan</Filter>
    </ClInclude>
    <ClInclude Include="src\Platform\Window\GLFW\GLFWWindowsInput.h">
      <Filter>Platform\Window\GLFW</Filter>
    </ClInclude>
    <ClInclude Include="src\Platform\Window\GLFW\GLFWWindowsWindow.h">
      <Filter>Platform\Window\GLFW</Filter>
    </ClInclude>
    <ClInclude Include="src\Platform\Window\SDL\SDLWindowsInput.h">
      <Filter>Platform\Window\SDL</Filter>
    </ClInclude>
    <ClInclude Include="src\Platform\Window\SDL\SDLWindowsWindow.h">
      <Filter>Platform\Window\SDL</Filter>
    </ClInclude>
    <ClInclude Include="src\fepch.h" />
    <ClInclude Include="src\Platform\Vulkan\Setup\VulkanStructures.h" />
  </ItemGroup>
  <ItemGroup>
    <ClCompile Include="src\Feur\Core\Application.c">
      <Filter>Feur\Core</Filter>
    </ClCompile>
    <ClCompile Include="src\Feur\Core\Input\Input.c">
      <Filter>Feur\Core\Input</Filter>
    </ClCompile>
    <ClCompile Include="src\Feur\Core\Layer.c">
      <Filter>Feur\Core</Filter>
    </ClCompile>
    <ClCompile Include="src\Feur\Core\LayerStack.c">
      <Filter>Feur\Core</Filter>
    </ClCompile>
    <ClCompile Include="src\Feur\Core\Log\Log.c">
      <Filter>Feur\Core\Log</Filter>
    </ClCompile>
    <ClCompile Include="src\Feur\Core\Memory\FreeListAllocator.c">
      <Filter>Feur\Core\Memory</Filter>
    </ClCompile>
    <ClCompile Include="src\Feur\Core\Memory\MemoryAllocator.c">
      <Filter>Feur\Core\Memory</Filter>
    </ClCompile>
    <ClCompile Include="src\Feur\Core\Memory\PoolAllocator.c">
      <Filter>Feur\Core\Memory</Filter>
    </ClCompile>
    <ClCompile Include="src\Feur\Core\Memory\StackAllocator.c">
      <Filter>Feur\Core\Memory</Filter>
    </ClCompile>
    <ClCompile Include="src\Feur\Core\Utils\FeString.c">
      <Filter>Feur\Core\Utils</Filter>
    </ClCompile>
    <ClCompile Include="src\Feur\Core\Utils\FeurSort.c">
      <Filter>Feur\Core\Utils</Filter>
    </ClCompile>
    <ClCompile Include="src\Feur\Core\Utils\FileSystem.c">
      <Filter>Feur\Core\Utils</Filter>
    </ClCompile>
    <ClCompile Include="src\Feur\Core\Utils\List.c">
      <Filter>Feur\Core\Utils</Filter>
    </ClCompile>
    <ClCompile Include="src\Feur\Core\Utils\Optional.c">
      <Filter>Feur\Core\Utils</Filter>
    </ClCompile>
    <ClCompile Include="src\Feur\Core\Window\Window.c">
      <Filter>Feur\Core\Window</Filter>
    </ClCompile>
    <ClCompile Include="src\Feur\Debug\Benchmark.c">
      <Filter>Feur\Debug</Filter>
    </ClCompile>
    <ClCompile Include="src\Feur\Event\Event.c">
      <Filter>Feur\Event</Filter>
    </ClCompile>
    <ClCompile Include="src\Feur\Nuklear\NuklearLayer.c">
      <Filter>Feur\Nuklear</Filter>
    </ClCompile>
    <ClCompile Include="src\Feur\Renderer\Buffers.c">
      <Filter>Feur\Renderer</Filter>
    </ClCompile>
    <ClCompile Include="src\Feur\Renderer\GraphicsContext.c">
      <Filter>Feur\Renderer</Filter>
    </ClCompile>
    <ClCompile Include="src\Feur\Renderer\RenderCommand.c">
      <Filter>Feur\Renderer</Filter>
    </ClCompile>
    <ClCompile Include="src\Feur\Renderer\Renderer.c">
      <Filter>Feur\Renderer</Filter>
    </ClCompile>
    <ClCompile Include="src\Feur\Renderer\Renderer2D.c">
      <Filter>Feur\Renderer</Filter>
    </ClCompile>
    <ClCompile Include="src\Feur\Renderer\RendererAPI.c">
      <Filter>Feur\Renderer</Filter>
    </ClCompile>
    <ClCompile Include="src\Platform\Nuklear\OpenGLNuklearLayer.c">
      <Filter>Platform\Nuklear</Filter>
    </ClCompile>
    <ClCompile Include="src\Platform\OpenGL\OpenGLBuffers.c">
      <Filter>Platform\OpenGL</Filter>
    </ClCompile>
    <ClCompile Include="src\Platform\OpenGL\OpenGLGraphicsContext.c">
      <Filter>Platform\OpenGL</Filter>
    </ClCompile>
    <ClCompile Include="src\Platform\OpenGL\OpenGLRendererAPI.c">
      <Filter>Platform\OpenGL</Filter>
    </ClCompile>
    <ClCompile Include="src\Platform\Vulkan\Debug\VulkanDebug.c">
      <Filter>Platform\Vulkan\Debug</Filter>
    </ClCompile>
    <ClCompile Include="src\Platform\Vulkan\Debug\VulkanValidationLayer.c">
      <Filter>Platform\Vulkan\Debug</Filter>
    </ClCompile>
    <ClCompile Include="src\Platform\Vulkan\RenderPipeline\VulkanRenderPipeline.c">
      <Filter>Platform\Vulkan\RenderPipeline</Filter>
    </ClCompile>
    <ClCompile Include="src\Platform\Vulkan\RenderPipeline\VulkanShader.c">
      <Filter>Platform\Vulkan\RenderPipeline</Filter>
    </ClCompile>
    <ClCompile Include="src\Platform\Vulkan\Setup\VulkanDevice.c">
      <Filter>Platform\Vulkan\Setup</Filter>
    </ClCompile>
    <ClCompile Include="src\Platform\Vulkan\Setup\VulkanImageView.c">
      <Filter>Platform\Vulkan\Setup</Filter>
    </ClCompile>
    <ClCompile Include="src\Platform\Vulkan\Setup\VulkanSetup.c">
      <Filter>Platform\Vulkan\Setup</Filter>
    </ClCompile>
    <ClCompile Include="src\Platform\Vulkan\Setup\VulkanSwapChain.c">
      <Filter>Platform\Vulkan\Setup</Filter>
    </ClCompile>
    <ClCompile Include="src\Platform\Vulkan\VulkanBuffers.c">
      <Filter>Platform\Vulkan</Filter>
    </ClCompile>
    <ClCompile Include="src\Platform\Vulkan\VulkanGraphicsContext.c">
      <Filter>Platform\Vulkan</Filter>
    </ClCompile>
    <ClCompile Include="src\Platform\Vulkan\VulkanRendererAPI.c">
      <Filter>Platform\Vulkan</Filter>
    </ClCompile>
    <ClCompile Include="src\Platform\Window\GLFW\GLFWWindowsInput.c">
      <Filter>Platform\Window\GLFW</Filter>
    </ClCompile>
    <ClCompile Include="src\Platform\Window\GLFW\GLFWWindowsWindow.c">
      <Filter>Platform\Window\GLFW</Filter>
    </ClCompile>
    <ClCompile Include="src\Platform\Window\SDL\SDLWindowsInput.c">
      <Filter>Platform\Window\SDL</Filter>
    </ClCompile>
    <ClCompile Include="src\Platform\Window\SDL\SDLWindowsWindow.c">
      <Filter>Platform\Window\SDL</Filter>
    </ClCompile>
    <ClCompile Include="src\fepch.c" />
  </ItemGroup>
</Project>