<?xml version="1.0" encoding="utf-8"?>
<Project ToolsVersion="4.0" xmlns="http://schemas.microsoft.com/developer/msbuild/2003">
  <ItemGroup>
    <Filter Include="Feur">
      <UniqueIdentifier>{372F857C-2366-860D-CC52-6C10B868020F}</UniqueIdentifier>
    </Filter>
    <Filter Include="Feur\Core">
      <UniqueIdentifier>{EF6DDF3D-5BD8-93B4-A416-455A10C07109}</UniqueIdentifier>
    </Filter>
    <Filter Include="Feur\Core\Event">
      <UniqueIdentifier>{806661C5-ECF1-CE89-F502-527E610D2B8A}</UniqueIdentifier>
    </Filter>
    <Filter Include="Feur\Core\Input">
      <UniqueIdentifier>{2E95A5C5-9A20-138A-A331-967E0F3C6F8A}</UniqueIdentifier>
    </Filter>
    <Filter Include="Feur\Core\Log">
      <UniqueIdentifier>{40E5CDDA-ACA5-4911-75E0-928EE15F8EED}</UniqueIdentifier>
    </Filter>
    <Filter Include="Feur\Core\Memory">
      <UniqueIdentifier>{77420883-633B-27D5-8C6D-0C5A78C506E1}</UniqueIdentifier>
    </Filter>
    <Filter Include="Feur\Core\Utils">
      <UniqueIdentifier>{8FE681C6-FB71-EF8A-0483-727F708D4B8B}</UniqueIdentifier>
    </Filter>
    <Filter Include="Feur\Core\Window">
      <UniqueIdentifier>{F697A49A-E290-C3EC-0BC3-A871F71AA3F8}</UniqueIdentifier>
    </Filter>
    <Filter Include="Feur\Nuklear">
      <UniqueIdentifier>{58D10DFE-4434-9DA2-EDB9-D558D9FB6825}</UniqueIdentifier>
    </Filter>
    <Filter Include="Feur\Renderer">
      <UniqueIdentifier>{BD809AA7-2941-16DE-F27B-5F5B5EFB5ABA}</UniqueIdentifier>
    </Filter>
    <Filter Include="Platform">
      <UniqueIdentifier>{2AC788B4-1694-E3BF-3FAD-D1672BD9184E}</UniqueIdentifier>
    </Filter>
    <Filter Include="Platform\Nuklear">
      <UniqueIdentifier>{4BACD781-37A5-F6D3-60D7-DB584C2FD6DF}</UniqueIdentifier>
    </Filter>
    <Filter Include="Platform\OpenGL">
      <UniqueIdentifier>{1E7D2C1D-8A08-9AE1-9319-1DD6FF23F6E1}</UniqueIdentifier>
    </Filter>
    <Filter Include="Platform\Vulkan">
      <UniqueIdentifier>{6AE1DE2D-D66C-4CF2-DF7D-CFE64B88A8F2}</UniqueIdentifier>
    </Filter>
    <Filter Include="Platform\Windows">
      <UniqueIdentifier>{64FBD71A-50F4-F66C-7926-DCF1657ED678}</UniqueIdentifier>
    </Filter>
    <Filter Include="Platform\Windows\GLFW">
      <UniqueIdentifier>{2375CBE4-8FE1-86DF-58D5-1E3DC400A947}</UniqueIdentifier>
    </Filter>
    <Filter Include="Platform\Windows\SDL">
      <UniqueIdentifier>{563D8A73-42CC-133D-EBEA-2738D75824E3}</UniqueIdentifier>
    </Filter>
  </ItemGroup>
  <ItemGroup>
    <ClInclude Include="src\Feur.h" />
    <ClInclude Include="src\Feur\Core\Application.h">
      <Filter>Feur\Core</Filter>
    </ClInclude>
    <ClInclude Include="src\Feur\Core\Core.h">
      <Filter>Feur\Core</Filter>
    </ClInclude>
    <ClInclude Include="src\Feur\Core\EntryPoint.h">
      <Filter>Feur\Core</Filter>
    </ClInclude>
    <ClInclude Include="src\Feur\Event\Event.h">
      <Filter>Feur\Core\Event</Filter>
    </ClInclude>
    <ClInclude Include="src\Feur\Core\Input\Input.h">
      <Filter>Feur\Core\Input</Filter>
    </ClInclude>
    <ClInclude Include="src\Feur\Core\Input\KeyCode.h">
      <Filter>Feur\Core\Input</Filter>
    </ClInclude>
    <ClInclude Include="src\Feur\Core\Layer.h">
      <Filter>Feur\Core</Filter>
    </ClInclude>
    <ClInclude Include="src\Feur\Core\LayerStack.h">
      <Filter>Feur\Core</Filter>
    </ClInclude>
    <ClInclude Include="src\Feur\Core\Log\Log.h">
      <Filter>Feur\Core\Log</Filter>
    </ClInclude>
    <ClInclude Include="src\Feur\Core\Memory\MemoryAllocator.h">
      <Filter>Feur\Core\Memory</Filter>
    </ClInclude>
    <ClInclude Include="src\Feur\Core\Memory\StackAllocator.h">
      <Filter>Feur\Core\Memory</Filter>
    </ClInclude>
    <ClInclude Include="src\Feur\Core\Utils\List.h">
      <Filter>Feur\Core\Utils</Filter>
    </ClInclude>
    <ClInclude Include="src\Feur\Core\Window\Window.h">
      <Filter>Feur\Core\Window</Filter>
    </ClInclude>
    <ClInclude Include="src\Feur\Nuklear\NuklearLayer.h">
      <Filter>Feur\Nuklear</Filter>
    </ClInclude>
    <ClInclude Include="src\Feur\Renderer\Buffers.h">
      <Filter>Feur\Renderer</Filter>
    </ClInclude>
    <ClInclude Include="src\Feur\Renderer\GraphicsContext.h">
      <Filter>Feur\Renderer</Filter>
    </ClInclude>
    <ClInclude Include="src\Feur\Renderer\RenderCommand.h">
      <Filter>Feur\Renderer</Filter>
    </ClInclude>
    <ClInclude Include="src\Feur\Renderer\Renderer.h">
      <Filter>Feur\Renderer</Filter>
    </ClInclude>
    <ClInclude Include="src\Feur\Renderer\Renderer2D.h">
      <Filter>Feur\Renderer</Filter>
    </ClInclude>
    <ClInclude Include="src\Feur\Renderer\RendererAPI.h">
      <Filter>Feur\Renderer</Filter>
    </ClInclude>
    <ClInclude Include="src\Platform\Nuklear\OpenGLNuklearLayer.h">
      <Filter>Platform\Nuklear</Filter>
    </ClInclude>
    <ClInclude Include="src\Platform\OpenGL\OpenGLBuffers.h">
      <Filter>Platform\OpenGL</Filter>
    </ClInclude>
    <ClInclude Include="src\Platform\OpenGL\OpenGLGraphicsContext.h">
      <Filter>Platform\OpenGL</Filter>
    </ClInclude>
    <ClInclude Include="src\Platform\OpenGL\OpenGLRendererAPI.h">
      <Filter>Platform\OpenGL</Filter>
    </ClInclude>
    <ClInclude Include="src\Platform\Vulkan\VulkanBuffers.h">
      <Filter>Platform\Vulkan</Filter>
    </ClInclude>
    <ClInclude Include="src\Platform\Vulkan\VulkanGraphicsContext.h">
      <Filter>Platform\Vulkan</Filter>
    </ClInclude>
    <ClInclude Include="src\Platform\Vulkan\VulkanRendererAPI.h">
      <Filter>Platform\Vulkan</Filter>
    </ClInclude>
    <ClInclude Include="src\Platform\Vulkan\VulkanSetup.h">
      <Filter>Platform\Vulkan</Filter>
    </ClInclude>
    <ClInclude Include="src\Platform\Vulkan\VulkanValidationLayer.h">
      <Filter>Platform\Vulkan</Filter>
    </ClInclude>
    <ClInclude Include="src\Platform\Windows\GLFW\GLFWWindowsInput.h">
      <Filter>Platform\Windows\GLFW</Filter>
    </ClInclude>
    <ClInclude Include="src\Platform\Windows\GLFW\GLFWWindowsWindow.h">
      <Filter>Platform\Windows\GLFW</Filter>
    </ClInclude>
    <ClInclude Include="src\Platform\Windows\SDL\SDLWindowsInput.h">
      <Filter>Platform\Windows\SDL</Filter>
    </ClInclude>
    <ClInclude Include="src\Platform\Windows\SDL\SDLWindowsWindow.h">
      <Filter>Platform\Windows\SDL</Filter>
    </ClInclude>
    <ClInclude Include="src\fepch.h" />
    <ClInclude Include="src\Feur\Debug\Benchmark.h" />
    <ClInclude Include="src\Feur\Core\Memory\PoolAllocator.h" />
  </ItemGroup>
  <ItemGroup>
    <ClCompile Include="src\Feur\Core\Application.c">
      <Filter>Feur\Core</Filter>
    </ClCompile>
    <ClCompile Include="src\Feur\Event\Event.c">
      <Filter>Feur\Core\Event</Filter>
    </ClCompile>
    <ClCompile Include="src\Feur\Core\Input\Input.c">
      <Filter>Feur\Core\Input</Filter>
    </ClCompile>
    <ClCompile Include="src\Feur\Core\Layer.c">
      <Filter>Feur\Core</Filter>
    </ClCompile>
    <ClCompile Include="src\Feur\Core\LayerStack.c">
      <Filter>Feur\Core</Filter>
    </ClCompile>
    <ClCompile Include="src\Feur\Core\Log\Log.c">
      <Filter>Feur\Core\Log</Filter>
    </ClCompile>
    <ClCompile Include="src\Feur\Core\Memory\MemoryAllocator.c">
      <Filter>Feur\Core\Memory</Filter>
    </ClCompile>
    <ClCompile Include="src\Feur\Core\Memory\StackAllocator.c">
      <Filter>Feur\Core\Memory</Filter>
    </ClCompile>
    <ClCompile Include="src\Feur\Core\Utils\List.c">
      <Filter>Feur\Core\Utils</Filter>
    </ClCompile>
    <ClCompile Include="src\Feur\Core\Window\Window.c">
      <Filter>Feur\Core\Window</Filter>
    </ClCompile>
    <ClCompile Include="src\Feur\Nuklear\NuklearLayer.c">
      <Filter>Feur\Nuklear</Filter>
    </ClCompile>
    <ClCompile Include="src\Feur\Renderer\Buffers.c">
      <Filter>Feur\Renderer</Filter>
    </ClCompile>
    <ClCompile Include="src\Feur\Renderer\GraphicsContext.c">
      <Filter>Feur\Renderer</Filter>
    </ClCompile>
    <ClCompile Include="src\Feur\Renderer\RenderCommand.c">
      <Filter>Feur\Renderer</Filter>
    </ClCompile>
    <ClCompile Include="src\Feur\Renderer\Renderer.c">
      <Filter>Feur\Renderer</Filter>
    </ClCompile>
    <ClCompile Include="src\Feur\Renderer\Renderer2D.c">
      <Filter>Feur\Renderer</Filter>
    </ClCompile>
    <ClCompile Include="src\Feur\Renderer\RendererAPI.c">
      <Filter>Feur\Renderer</Filter>
    </ClCompile>
    <ClCompile Include="src\Platform\Nuklear\OpenGLNuklearLayer.c">
      <Filter>Platform\Nuklear</Filter>
    </ClCompile>
    <ClCompile Include="src\Platform\OpenGL\OpenGLBuffers.c">
      <Filter>Platform\OpenGL</Filter>
    </ClCompile>
    <ClCompile Include="src\Platform\OpenGL\OpenGLGraphicsContext.c">
      <Filter>Platform\OpenGL</Filter>
    </ClCompile>
    <ClCompile Include="src\Platform\OpenGL\OpenGLRendererAPI.c">
      <Filter>Platform\OpenGL</Filter>
    </ClCompile>
    <ClCompile Include="src\Platform\Vulkan\VulkanBuffers.c">
      <Filter>Platform\Vulkan</Filter>
    </ClCompile>
    <ClCompile Include="src\Platform\Vulkan\VulkanGraphicsContext.c">
      <Filter>Platform\Vulkan</Filter>
    </ClCompile>
    <ClCompile Include="src\Platform\Vulkan\VulkanRendererAPI.c">
      <Filter>Platform\Vulkan</Filter>
    </ClCompile>
    <ClCompile Include="src\Platform\Vulkan\VulkanSetup.c">
      <Filter>Platform\Vulkan</Filter>
    </ClCompile>
    <ClCompile Include="src\Platform\Vulkan\VulkanValidationLayer.c">
      <Filter>Platform\Vulkan</Filter>
    </ClCompile>
    <ClCompile Include="src\Platform\Windows\GLFW\GLFWWindowsInput.c">
      <Filter>Platform\Windows\GLFW</Filter>
    </ClCompile>
    <ClCompile Include="src\Platform\Windows\GLFW\GLFWWindowsWindow.c">
      <Filter>Platform\Windows\GLFW</Filter>
    </ClCompile>
    <ClCompile Include="src\Platform\Windows\SDL\SDLWindowsInput.c">
      <Filter>Platform\Windows\SDL</Filter>
    </ClCompile>
    <ClCompile Include="src\Platform\Windows\SDL\SDLWindowsWindow.c">
      <Filter>Platform\Windows\SDL</Filter>
    </ClCompile>
    <ClCompile Include="src\fepch.c" />
    <ClCompile Include="src\Feur\Debug\Benchmark.c" />
    <ClCompile Include="src\Feur\Core\Memory\PoolAllocator.c" />
  </ItemGroup>
  <ItemGroup>
    <None Include="cpp.hint" />
  </ItemGroup>
</Project>